{
  "lockfileVersion": 1,
  "workspaces": {
    "": {
      "name": "steamrip-addon",
      "dependencies": {
        "ogi-addon": "^1.1.7",
      },
      "devDependencies": {
        "@types/node": "^24.0.3",
        "typescript": "^5.8.3",
      },
    },
  },
  "packages": {
    "@types/node": ["@types/node@24.0.3", "", { "dependencies": { "undici-types": "~7.8.0" } }, "sha512-R4I/kzCYAdRLzfiCabn9hxWfbuHS573x+r0dJMkkzThEa7pbrcDWK+9zu3e7aBOouf+rQAciqPFMnxwr0aWgKg=="],

    "fuse.js": ["fuse.js@7.1.0", "", {}, "sha512-trLf4SzuuUxfusZADLINj+dE8clK1frKdmqiJNb1Es75fmI5oY6X2mxLVUciLLjxqw/xr72Dhy+lER6dGd02FQ=="],

    "ogi-addon": ["ogi-addon@1.1.7", "", { "dependencies": { "fuse.js": "^7.1.0", "ws": "^8.4.0", "zod": "^3.23.8" } }, "sha512-rBs9jgyHpK9j8KOgsT9gt3ykGKyYFig8SHYZP0vkadgC4Jo+4eEt6l07XjMjN/VsWRcjxamSXJMTECAgn35DqA=="],

    "typescript": ["typescript@5.8.3", "", { "bin": { "tsc": "bin/tsc", "tsserver": "bin/tsserver" } }, "sha512-p1diW6TqL9L07nNxvRMM7hMMw4c5XOo/1ibL4aAIGmSAt9slTE1Xgw5KWuof2uTOvCg9BY7ZRi+GaF+7sfgPeQ=="],

    "undici-types": ["undici-types@7.8.0", "", {}, "sha512-9UJ2xGDvQ43tYyVMpuHlsgApydB8ZKfVYTsLDhXkFL/6gfkp+U8xTGdh8pMJv1SpZna0zxG1DwsKZsreLbXBxw=="],

    "ws": ["ws@8.18.2", "", { "peerDependencies": { "bufferutil": "^4.0.1", "utf-8-validate": ">=5.0.2" }, "optionalPeers": ["bufferutil", "utf-8-validate"] }, "sha512-DMricUmwGZUVr++AEAe2uiVM7UoO9MAVZMDu05UQOaUII0lp+zOzLLU4Xqh/JvTqklB1T4uELaaPBKyjE1r4fQ=="],

    "zod": ["zod@3.25.66", "", {}, "sha512-qr0yTfytD1ne6C9uZi0iu4+TGp+1J6wqoC17ugWg7EPuqT/ml21I2rqYbfeOPjeg6vHPnayIsD3CS3egsPaBrg=="],
  }
}
